{
  "name": "pwtest",
  "lockfileVersion": 3,
  "requires": true,
  "packages": {
    "": {
      "name": "pwtest",
      "dependencies": {
        "playwright-core": "^1.61.1"
      }
    },
    "node_modules/playwright-core": {
      "version": "1.61.1",
      "resolved": "https://ms-feed-12.pkgs.visualstudio.com/1es-public/_packaging/npm-public/npm/registry/playwright-core/-/playwright-core-1.61.1.tgz",
      "integrity": "sha1-PJmEEwfvu6vJ1yTEGojJFHBdFfw=",
      "license": "Apache-2.0",
      "bin": {
        "playwright-core": "cli.js"
      },
      "engines": {
        "node": ">=18"
      }
    }
  }
}
