{
  "version": 1,
  "dependencies": {
    "net10.0": {
      "Azure.Data.Tables": {
        "type": "Direct",
        "requested": "[12.*, )",
        "resolved": "12.11.0",
        "contentHash": "MabH2HegMvZA1ocaMhEfW/idyTa3CoH64s43/V9/KFRGdVqEj0EETvd3ItDe6Bbs2teiR40KE9Kz9NLDc5DJJw==",
        "dependencies": {
          "Azure.Core": "1.44.1"
        }
      },
      "Azure.Identity": {
        "type": "Direct",
        "requested": "[1.*, )",
        "resolved": "1.21.0",
        "contentHash": "GeFv8sGwRKvDKwI2WFy8r0mhmlxEVZg24Sit2NogTjiSO8RVjllWM65OT6e1sKjOvG8V74y7hAbaELUUPjZQSw==",
        "dependencies": {
          "Azure.Core": "1.53.0"
        }
      },
      "Azure.Messaging.EventHubs": {
        "type": "Direct",
        "requested": "[5.*, )",
        "resolved": "5.12.2",
        "contentHash": "vmrkhHAcGigX/xVMvPqC6dZeWEhxEBzGEkF/ti7RxdVcIANRaPS6EpEtIHRxcgoaLukvmirkdE0Svq++ljh5Tg==",
        "dependencies": {
          "Azure.Core": "1.46.2",
          "Azure.Core.Amqp": "1.3.1",
          "Microsoft.Azure.Amqp": "2.7.0",
          "System.Reflection.TypeExtensions": "4.7.0"
        }
      },
      "Azure.Messaging.ServiceBus": {
        "type": "Direct",
        "requested": "[7.*, )",
        "resolved": "7.20.2",
        "contentHash": "mwr5c3Qs7FWUtwzlLOtVixYDpUuA+Ln7sNirljTHZR8kDhzdr2grlqx0RRBvGV+IDCRHt1jIRb+hi0MUzjeVmw==",
        "dependencies": {
          "Azure.Core": "1.60.0",
          "Azure.Core.Amqp": "1.3.1",
          "Microsoft.Azure.Amqp": "2.7.0"
        }
      },
      "Azure.Monitor.OpenTelemetry.Exporter": {
        "type": "Direct",
        "requested": "[1.*, )",
        "resolved": "1.8.3",
        "contentHash": "hZ35hXxiRuJcT67u970iqqJ+z2ol3Sg23/m1wwNNh8uzK/48uB9iJ3va9PQ7gXn6kij6wzowUe5olPPfObkEug==",
        "dependencies": {
          "Azure.Core": "1.60.0",
          "OpenTelemetry.Extensions.Hosting": "1.15.3",
          "OpenTelemetry.PersistentStorage.FileSystem": "1.0.3"
        }
      },
      "Azure.Monitor.Query": {
        "type": "Direct",
        "requested": "[1.*, )",
        "resolved": "1.7.1",
        "contentHash": "HJnal+BIaBiuiba1p2X5lNyx6I+CnqcjEMNv19R1jtjas5hk9sdUcPmZOLaECFRExFBxLDc2xuLJkXmglFXQbg==",
        "dependencies": {
          "Azure.Core": "1.47.1",
          "System.ClientModel": "1.6.0"
        }
      },
      "Azure.Storage.Blobs": {
        "type": "Direct",
        "requested": "[12.*, )",
        "resolved": "12.29.1",
        "contentHash": "pWh7xZBto8YcwiO853AB3uijTfVqs9PDte0Bu9/Zd8O9nwKiitWm0Jej1vsNkmYUzeG1552f8vJPjmtW30pBUQ==",
        "dependencies": {
          "Azure.Core": "1.55.0",
          "Azure.Storage.Common": "12.28.0"
        }
      },
      "Azure.Storage.DataMovement.Blobs": {
        "type": "Direct",
        "requested": "[12.*, )",
        "resolved": "12.3.0",
        "contentHash": "wSFRxsVWUKEJHvBj5s1gY9v5qF/d6qroHZVbNvdDbv9Gv2waX97UmmmmIrOwAI9XvwWva95x7B35nf8ZDomdwQ==",
        "dependencies": {
          "Azure.Core": "1.49.0",
          "Azure.Storage.Blobs": "12.26.0",
          "Azure.Storage.DataMovement": "12.3.0"
        }
      },
      "Azure.Storage.Queues": {
        "type": "Direct",
        "requested": "[12.*, )",
        "resolved": "12.27.1",
        "contentHash": "uQgZ9bzwVJ8bqsWywzwkRt1lfusYPXJAPSb9yVlTsSmZtH+bnDb/RfQuHiuUmk3nlQbCOUGFdD0cRXn8uMiOHg==",
        "dependencies": {
          "Azure.Core": "1.55.0",
          "Azure.Storage.Common": "12.28.0"
        }
      },
      "Diginsight.Components": {
        "type": "Direct",
        "requested": "[1.*, )",
        "resolved": "1.0.0.104",
        "contentHash": "56ZGogu2Pxyfn7KOSUkElPY84lasLXVhdxlrOUi7BJTNQ9R7s2iOOkHApRoDPxPucgaveCPHpyqEhHrdG6PeXg==",
        "dependencies": {
          "Diginsight.Components.Abstractions": "1.0.0.104",
          "Diginsight.Core": "3.7.1.13",
          "Diginsight.Diagnostics": "3.7.1.13",
          "Microsoft.AspNetCore.Http.Abstractions": "2.3.0",
          "Microsoft.Extensions.Configuration": "10.0.8",
          "Microsoft.Extensions.Configuration.Abstractions": "10.0.8",
          "Microsoft.Extensions.Http": "10.0.8",
          "Microsoft.Extensions.Logging": "10.0.8",
          "Microsoft.Extensions.Logging.Abstractions": "10.0.8",
          "Microsoft.Identity.Client": "4.84.1",
          "Newtonsoft.Json": "13.0.4",
          "System.IdentityModel.Tokens.Jwt": "8.18.0",
          "System.Security.Cryptography.ProtectedData": "10.0.8"
        }
      },
      "Diginsight.Components.Azure": {
        "type": "Direct",
        "requested": "[1.*, )",
        "resolved": "1.0.0.104",
        "contentHash": "7hhK8tNdZ2BqtN4DqI8DJXXNON+Qe8+0I25IgbsgZWTlv7nTmvQM4F4HWyhlCdMaaauHLjQL2wYVCnNg+kdLow==",
        "dependencies": {
          "Azure.Data.Tables": "12.11.0",
          "Diginsight.Components": "1.0.0.104",
          "Diginsight.Components.Azure.Abstractions": "1.0.0.104",
          "Diginsight.Components.Configuration.Abstractions": "1.0.0.104",
          "Diginsight.Core": "3.7.1.13",
          "Diginsight.Diagnostics": "3.7.1.13",
          "Microsoft.Azure.Cosmos": "3.60.0",
          "Microsoft.Extensions.Logging.Abstractions": "10.0.8",
          "System.Linq.Async": "7.0.1",
          "System.Linq.Async.Queryable": "7.0.1"
        }
      },
      "Diginsight.Components.Configuration": {
        "type": "Direct",
        "requested": "[1.*, )",
        "resolved": "1.0.0.104",
        "contentHash": "9VNCnHKW5S6+85PNN2drwKDjQYKsL0kt6iUO2bT+hcweJhfiUrDSnSjSXYzusN+LOc6bcbqnEwKT1Wq9VAWu7w==",
        "dependencies": {
          "Azure.Core": "1.57.0",
          "Azure.Extensions.AspNetCore.Configuration.Secrets": "1.5.1",
          "Azure.Identity": "1.21.0",
          "Azure.Monitor.OpenTelemetry.AspNetCore": "1.5.0",
          "Diginsight.Components.Azure": "1.0.0.104",
          "Diginsight.Components.Configuration.Abstractions": "1.0.0.104",
          "Diginsight.Core": "3.7.1.13",
          "Diginsight.Diagnostics": "3.7.1.13",
          "Diginsight.Diagnostics.AspNetCore": "3.7.1.13",
          "Diginsight.Diagnostics.AspNetCore.OpenTelemetry": "3.7.1.13",
          "Diginsight.Diagnostics.Log4Net": "3.7.1.13",
          "Diginsight.Diagnostics.OpenTelemetry": "3.7.1.13",
          "Microsoft.Extensions.Configuration": "10.0.8",
          "Microsoft.Extensions.Configuration.Abstractions": "10.0.8",
          "Microsoft.Extensions.Configuration.Binder": "10.0.8",
          "Microsoft.Extensions.Configuration.EnvironmentVariables": "10.0.8",
          "Microsoft.Extensions.Configuration.FileExtensions": "10.0.8",
          "Microsoft.Extensions.Configuration.Json": "10.0.8",
          "Microsoft.Extensions.Hosting": "10.0.8",
          "Microsoft.Extensions.Hosting.Abstractions": "10.0.8",
          "Microsoft.Extensions.Options": "10.0.8",
          "Microsoft.Identity.Client": "4.84.1",
          "OpenTelemetry.Instrumentation.Runtime": "1.15.1",
          "Scrutor": "7.0.0"
        }
      },
      "Diginsight.Core": {
        "type": "Direct",
        "requested": "[3.7.*, )",
        "resolved": "3.7.1.13",
        "contentHash": "Ds14x3WIyHMqcFQCm3F+zVadxBCHrZllOiBmCbx9y4ClO9tjXyZmYL8WiM192I6taWqnd3Qs/7RU2WaPDYZ9Yw==",
        "dependencies": {
          "Diginsight.Polyfills": "3.7.1.13",
          "Microsoft.Extensions.Configuration": "10.0.8",
          "Microsoft.Extensions.Configuration.Binder": "10.0.8",
          "Microsoft.Extensions.DependencyInjection.Abstractions": "10.0.8",
          "Microsoft.Extensions.Hosting.Abstractions": "10.0.8",
          "Microsoft.Extensions.Logging": "10.0.8",
          "Scrutor": "7.0.0"
        }
      },
      "Diginsight.Diagnostics": {
        "type": "Direct",
        "requested": "[3.7.*, )",
        "resolved": "3.7.1.13",
        "contentHash": "/BpRk6KDh24mb2Goljs1+jXoh+Ll9fybwore00aI48owygZKDqdQi0ORTU+ppUOfRxB8Sx/OaGFeuZNa869QOg==",
        "dependencies": {
          "Diginsight.Stringify": "3.7.1.13",
          "Microsoft.Extensions.Diagnostics": "10.0.8",
          "Microsoft.Extensions.Logging.Console": "10.0.8",
          "Pastel": "7.0.1"
        }
      },
      "Diginsight.Diagnostics.AspNetCore.OpenTelemetry": {
        "type": "Direct",
        "requested": "[3.7.*, )",
        "resolved": "3.7.1.13",
        "contentHash": "LMwJS4pbNjtlqMW/DD7i2NfpHiNAHJSGNbYkO9QBZIMdMGfahirMQBsoZNUD0VB7JtYB5PLHZGNlyKEwIUZRSA==",
        "dependencies": {
          "Diginsight.Diagnostics.AspNetCore": "3.7.1.13",
          "Diginsight.Diagnostics.OpenTelemetry": "3.7.1.13"
        }
      },
      "Diginsight.Diagnostics.Log4Net": {
        "type": "Direct",
        "requested": "[3.7.*, )",
        "resolved": "3.7.1.13",
        "contentHash": "CmlGNa/ACeHOq4NMpu2FcpowHYJLChQbfhzVqKEVXP/BnIcv+xe1hkYTu124SlLcd1OsMVKYdSbIficjfjRhWw==",
        "dependencies": {
          "Diginsight.Diagnostics": "3.7.1.13",
          "Microsoft.Extensions.Logging.Log4Net.AspNetCore": "10.0.0"
        }
      },
      "Diginsight.Stringify": {
        "type": "Direct",
        "requested": "[3.7.*, )",
        "resolved": "3.7.1.13",
        "contentHash": "2uZO2+2GhYlIxqvjh91zNBmTFZ7PZBuRNebnibu+AHZGXPWr5NPH07pTUlkWPDLbRWBQp5n7kpH9gjUxCanpXg==",
        "dependencies": {
          "Diginsight.Core": "3.7.1.13",
          "Microsoft.Extensions.Caching.Memory": "10.0.8"
        }
      },
      "Microsoft.Azure.WebJobs": {
        "type": "Direct",
        "requested": "[3.*, )",
        "resolved": "3.0.47",
        "contentHash": "7yF+6kacdtCdWTzCE5KQlcx6RpzwPc3RjHKzXL1LH7v0XBiAkk6dOZuGah/G70M798b4zSig9eEcDXutOT473g==",
        "dependencies": {
          "Microsoft.Azure.WebJobs.Core": "3.0.47",
          "Microsoft.Extensions.Configuration": "2.1.1",
          "Microsoft.Extensions.Configuration.Abstractions": "2.1.1",
          "Microsoft.Extensions.Configuration.EnvironmentVariables": "2.1.0",
          "Microsoft.Extensions.Configuration.Json": "2.1.0",
          "Microsoft.Extensions.Hosting": "2.1.0",
          "Microsoft.Extensions.Logging": "2.1.1",
          "Microsoft.Extensions.Logging.Abstractions": "2.1.1",
          "Microsoft.Extensions.Logging.Configuration": "2.1.0",
          "Newtonsoft.Json": "13.0.1",
          "System.Memory.Data": "1.0.2"
        }
      },
      "Microsoft.Extensions.Configuration": {
        "type": "Direct",
        "requested": "[10.*, )",
        "resolved": "10.0.11",
        "contentHash": "wlhRqZW8LcJPa+vk2oLAc/REXDItHtkFQdf/QcXYGZbZOO13izcsKY1pCvuFQYwUiZD+hwSZwsKASjqT+BNaVg==",
        "dependencies": {
          "Microsoft.Extensions.Configuration.Abstractions": "10.0.11",
          "Microsoft.Extensions.Primitives": "10.0.11"
        }
      },
      "Microsoft.Extensions.DependencyInjection": {
        "type": "Direct",
        "requested": "[10.*, )",
        "resolved": "10.0.11",
        "contentHash": "PSmotV19c7E3lKed++uYo1kSiXFI+uTl37CBSrhq+CfLC3FCHjG7R91+xPnNehQfHS1b0Tzo/CCLPWH3qaEheg==",
        "dependencies": {
          "Microsoft.Extensions.DependencyInjection.Abstractions": "10.0.11"
        }
      },
      "Microsoft.Extensions.Http": {
        "type": "Direct",
        "requested": "[10.*, )",
        "resolved": "10.0.11",
        "contentHash": "ujx8RvcKzkxPFBguwgiygbwWVHVK0P7HFlNJ6I0JBRb28tzwe42jixBoA+dGmqG9IHepPVcm04vv2IDnU93ekA==",
        "dependencies": {
          "Microsoft.Extensions.Configuration.Abstractions": "10.0.11",
          "Microsoft.Extensions.DependencyInjection.Abstractions": "10.0.11",
          "Microsoft.Extensions.Diagnostics": "10.0.11",
          "Microsoft.Extensions.Logging": "10.0.11",
          "Microsoft.Extensions.Logging.Abstractions": "10.0.11",
          "Microsoft.Extensions.Options": "10.0.11"
        }
      },
      "Microsoft.SourceLink.GitHub": {
        "type": "Direct",
        "requested": "[8.*, )",
        "resolved": "8.0.0",
        "contentHash": "G5q7OqtwIyGTkeIOAc3u2ZuV/kicQaec5EaRnc0pIeSnh9LUjj+PYQrJYBURvDt7twGl2PKA7nSN0kz1Zw5bnQ==",
        "dependencies": {
          "Microsoft.Build.Tasks.Git": "8.0.0",
          "Microsoft.SourceLink.Common": "8.0.0"
        }
      },
      "OpenTelemetry.Exporter.OpenTelemetryProtocol": {
        "type": "Direct",
        "requested": "[1.*, )",
        "resolved": "1.17.0",
        "contentHash": "R1omQOrQpGlS0Cp5UIr/TAiuEA48JrPlgr1NPV5gESiTU7HhWU+ILe2EBSYb1fKdsSavZ7nZkHcUxAzofPqr2A==",
        "dependencies": {
          "OpenTelemetry": "1.17.0"
        }
      },
      "OpenTelemetry.Extensions.Hosting": {
        "type": "Direct",
        "requested": "[1.*, )",
        "resolved": "1.17.0",
        "contentHash": "t1OwL/4qgboGMobYVT+UV5zgWnFqCp4Pw8lcsmzh8m2K8PQsTKkyxrC32tqYTMYny3GOW4q5cltE3dTVzLmRew==",
        "dependencies": {
          "Microsoft.Extensions.Hosting.Abstractions": "10.0.0",
          "OpenTelemetry": "1.17.0"
        }
      },
      "OpenTelemetry.Instrumentation.Http": {
        "type": "Direct",
        "requested": "[1.*, )",
        "resolved": "1.17.0",
        "contentHash": "uTwVtxIJ/xB96wGYTaDsbkJVeCFdUxTwvrlDUn2YJixy0UuKc8DvQMzwKNJMTzNFiiyYO9c40id6tUHTmWs33A==",
        "dependencies": {
          "Microsoft.Extensions.Configuration": "10.0.0",
          "Microsoft.Extensions.Options": "10.0.0",
          "OpenTelemetry.Api.ProviderBuilderExtensions": "[1.17.0, 2.0.0)"
        }
      },
      "OpenTelemetry.Instrumentation.Runtime": {
        "type": "Direct",
        "requested": "[1.*, )",
        "resolved": "1.17.0",
        "contentHash": "HyYenisDn/xdtyVXdjImsCl+RNC2gq01N0rvSR7tsYAylXR2sxX/YgMsyTajMXA27+r1vB7lNU8cWRhV0fwL+Q==",
        "dependencies": {
          "OpenTelemetry.Api": "[1.17.0, 2.0.0)"
        }
      },
      "Scrutor": {
        "type": "Direct",
        "requested": "[7.*, )",
        "resolved": "7.0.0",
        "contentHash": "wHWaroody48jnlLoq/REwUltIFLxplXyHTP+sttrc8P7+jkiVqf38afDidJNv4qgD/6zz2NKOYg06xLZ1bG7wQ==",
        "dependencies": {
          "Microsoft.Extensions.DependencyInjection.Abstractions": "10.0.0",
          "Microsoft.Extensions.DependencyModel": "10.0.0"
        }
      },
      "Azure.Core": {
        "type": "Transitive",
        "resolved": "1.60.0",
        "contentHash": "qCa5DLAq0w14aTl9/bvMZNA/QxPzYj1a4zakrpeudxWd4D4YliRHRfccD3yFECeHkMkvQjMmyWLggb8bzhDVKA==",
        "dependencies": {
          "Microsoft.Bcl.AsyncInterfaces": "10.0.9",
          "Microsoft.Extensions.Configuration.Abstractions": "10.0.9",
          "Microsoft.Extensions.Hosting.Abstractions": "10.0.9",
          "Microsoft.Identity.Client": "4.84.2",
          "Microsoft.Identity.Client.Extensions.Msal": "4.84.2",
          "System.ClientModel": "1.14.0",
          "System.Memory.Data": "10.0.9"
        }
      },
      "Azure.Core.Amqp": {
        "type": "Transitive",
        "resolved": "1.3.1",
        "contentHash": "AY1ZM4WwLBb9L2WwQoWs7wS2XKYg83tp3yVVdgySdebGN0FuIszuEqCy3Nhv6qHpbkjx/NGuOTsUbF/oNGBgwA==",
        "dependencies": {
          "Microsoft.Azure.Amqp": "2.6.7",
          "System.Memory.Data": "1.0.2"
        }
      },
      "Azure.Extensions.AspNetCore.Configuration.Secrets": {
        "type": "Transitive",
        "resolved": "1.5.1",
        "contentHash": "2Io9af/y8GH1jfu//BQrYcwb+MZOJG+au2KCv+ltWM6PBCghbhaDyZWDkYWNWIougZgoHtyKM0CnlGi+9XAu/A==",
        "dependencies": {
          "Azure.Core": "1.54.0",
          "Azure.Security.KeyVault.Secrets": "4.10.0",
          "Microsoft.Extensions.Configuration": "10.0.3"
        }
      },
      "Azure.Monitor.OpenTelemetry.AspNetCore": {
        "type": "Transitive",
        "resolved": "1.5.0",
        "contentHash": "jXyeb4E5gB/VQt3EkNEyP1L+TgRT/66RcN21o0QQ3cIVywZC7V7I42s9cA7Yy9Ezd4RnSqATHb/c76QIMixF1Q==",
        "dependencies": {
          "Azure.Core": "1.54.0",
          "Azure.Monitor.OpenTelemetry.Exporter": "1.8.0",
          "OpenTelemetry.Extensions.Hosting": "1.15.3",
          "OpenTelemetry.Instrumentation.AspNetCore": "1.15.2",
          "OpenTelemetry.Instrumentation.Http": "1.15.1"
        }
      },
      "Azure.Security.KeyVault.Secrets": {
        "type": "Transitive",
        "resolved": "4.10.0",
        "contentHash": "lcJtcgTkk1gGy59RQhGLJLMyad+zgASMn975PVjMft69q+jjFTo6Nyq5SCtOhPY1WvA0gNI1qYIVN2oikVXDjw==",
        "dependencies": {
          "Azure.Core": "1.53.0"
        }
      },
      "Azure.Storage.Common": {
        "type": "Transitive",
        "resolved": "12.28.0",
        "contentHash": "5l8YhNrks38zKLGFW2BBFLwieyamH/xauABSASsdpZv79G0f+n2n22IjkRmUqCmALSupkwRHh2LOhbW3yj5Qgw==",
        "dependencies": {
          "Azure.Core": "1.55.0",
          "System.IO.Hashing": "10.0.3"
        }
      },
      "Azure.Storage.DataMovement": {
        "type": "Transitive",
        "resolved": "12.3.0",
        "contentHash": "t74+0SUu0sU5HJ7rtjK3bTdp35m/bThnpyZCkIsPQ9lzsv0hVwKGgcq2hXoeKcsBp9szFNldL2EH7Z0awBAspQ==",
        "dependencies": {
          "Azure.Core": "1.49.0",
          "Azure.Storage.Common": "12.25.0"
        }
      },
      "Diginsight.AspNetCore": {
        "type": "Transitive",
        "resolved": "3.7.1.13",
        "contentHash": "R2eK38IWYYJX2VKtwWITvwkTjUQ8Y3//PoGhhKyfC7wYgAzapum0RCCg893wQyupYqLWYz+FSy1GDCNBgN8x3w==",
        "dependencies": {
          "Diginsight.Core": "3.7.1.13",
          "Scrutor": "7.0.0"
        }
      },
      "Diginsight.Components.Abstractions": {
        "type": "Transitive",
        "resolved": "1.0.0.104",
        "contentHash": "GlZ+Z4O7YN5pzbId5AoozuWci1EfnMbHdpj6vr64Rges2aJX654E3FkplBgUcFU1ZPHUOs2okc35247iP2dWAw==",
        "dependencies": {
          "Microsoft.Identity.Client": "4.84.1"
        }
      },
      "Diginsight.Components.Azure.Abstractions": {
        "type": "Transitive",
        "resolved": "1.0.0.104",
        "contentHash": "hswUFxPOhkvcj29wmF+aUwq+odaznX8YwjGj/DuPXKorY1x3wN/gAbA4t7x+4U4Cae/NUatvZeGFZIJpiWJcZw==",
        "dependencies": {
          "Azure.Data.Tables": "12.11.0"
        }
      },
      "Diginsight.Components.Configuration.Abstractions": {
        "type": "Transitive",
        "resolved": "1.0.0.104",
        "contentHash": "uaeCAtOQrn7MuSk/GOiIB5kvOiMaC78z2qrgrLhfXWKep5l2sqGWKb7UDLAEER/Jx5oMQ2RFkH7rM/JD1FtEnQ==",
        "dependencies": {
          "Diginsight.Core": "3.7.1.13",
          "Diginsight.Diagnostics": "3.7.1.13"
        }
      },
      "Diginsight.Diagnostics.AspNetCore": {
        "type": "Transitive",
        "resolved": "3.7.1.13",
        "contentHash": "bondYElMgAswOSfHzq4an1N8vfy5uRtjqpTugeSwiHKdww3UhrHvChQehEJreDl0Pi2Hkuv4JgJ1i1l8ixZW2A==",
        "dependencies": {
          "Diginsight.AspNetCore": "3.7.1.13",
          "Diginsight.Diagnostics": "3.7.1.13"
        }
      },
      "Diginsight.Diagnostics.OpenTelemetry": {
        "type": "Transitive",
        "resolved": "3.7.1.13",
        "contentHash": "YiRVCgzkBqWTIdCPz1YDKdn6Oex4mumYHuDnoh/HrDv9roCC13o7FjBKN/NpZ2dvSChFf8vepA0YG59P9pwmTA==",
        "dependencies": {
          "Diginsight.Diagnostics": "3.7.1.13",
          "OpenTelemetry.Extensions.Hosting": "1.15.3"
        }
      },
      "Diginsight.Polyfills": {
        "type": "Transitive",
        "resolved": "3.7.1.13",
        "contentHash": "yY4ERTz/zK/03uT0HjL5mcXCO3mpdWKA6QB+R1T0qCrKxRY6bq0ZB8PZT0EWDGqV6PsbEHHLOeYRo+FA4ypW6g=="
      },
      "log4net": {
        "type": "Transitive",
        "resolved": "3.3.0",
        "contentHash": "wtZ7K4XGWDxeQqHbUybwIug/3AAzhKcmroLf4ENfE5GsaDIMqT3GLX24f18XPFY8Qg9vaxfMSAODwWAXqkjI/Q==",
        "dependencies": {
          "System.Configuration.ConfigurationManager": "4.5.0"
        }
      },
      "Microsoft.AspNetCore.Http.Abstractions": {
        "type": "Transitive",
        "resolved": "2.3.0",
        "contentHash": "39r9PPrjA6s0blyFv5qarckjNkaHRA5B+3b53ybuGGNTXEj1/DStQJ4NWjFL6QTRQpL9zt7nDyKxZdJOlcnq+Q==",
        "dependencies": {
          "Microsoft.AspNetCore.Http.Features": "2.3.0"
        }
      },
      "Microsoft.AspNetCore.Http.Features": {
        "type": "Transitive",
        "resolved": "2.3.0",
        "contentHash": "f10WUgcsKqrkmnz6gt8HeZ7kyKjYN30PO7cSic1lPtH7paPtnQqXPOveul/SIPI43PhRD4trttg4ywnrEmmJpA==",
        "dependencies": {
          "Microsoft.Extensions.Primitives": "8.0.0"
        }
      },
      "Microsoft.Azure.Amqp": {
        "type": "Transitive",
        "resolved": "2.7.0",
        "contentHash": "gm/AEakujttMzrDhZ5QpRz3fICVkYDn/oDG9SmxDP+J7R8JDBXYU9WWG7hr6wQy40mY+wjUF0yUGXDPRDRNJwQ=="
      },
      "Microsoft.Azure.Cosmos": {
        "type": "Transitive",
        "resolved": "3.60.0",
        "contentHash": "v7ff0uqu1wSgtqkCjGywDCChzLZjC1xytH+0Dmq7IUwG2oaDpFrKioXTv3f+K8oCjnLDIxqrqe21CTY8kK7gVA==",
        "dependencies": {
          "Azure.Core": "1.44.1",
          "Microsoft.Bcl.AsyncInterfaces": "6.0.0",
          "Microsoft.Bcl.HashCode": "1.1.0",
          "System.Configuration.ConfigurationManager": "6.0.0"
        }
      },
      "Microsoft.Azure.WebJobs.Core": {
        "type": "Transitive",
        "resolved": "3.0.47",
        "contentHash": "LV7HvnsjyHpluKzDwoay96jGKgy50gIDUWcuHxAkEoNGPMlTXSxvqEE5qgYuMQdYSdFMdnwQoWKUx6xEtQOGow==",
        "dependencies": {
          "System.ComponentModel.Annotations": "4.4.0",
          "System.Memory.Data": "1.0.2"
        }
      },
      "Microsoft.Bcl.AsyncInterfaces": {
        "type": "Transitive",
        "resolved": "10.0.9",
        "contentHash": "Aq7M8lG6BrHeatqKqncVm9m55ec34k6nnfPRLe/PvGg+b/pAsRM2ejofeKmCLjTXMa+5NGXm382f8CG/D5WDow=="
      },
      "Microsoft.Bcl.HashCode": {
        "type": "Transitive",
        "resolved": "1.1.0",
        "contentHash": "J2G1k+u5unBV+aYcwxo94ip16Rkp65pgWFb0R6zwJipzWNMgvqlWeuI7/+R+e8bob66LnSG+llLJ+z8wI94cHg=="
      },
      "Microsoft.Build.Tasks.Git": {
        "type": "Transitive",
        "resolved": "8.0.0",
        "contentHash": "bZKfSIKJRXLTuSzLudMFte/8CempWjVamNUR5eHJizsy+iuOuO/k2gnh7W0dHJmYY0tBf+gUErfluCv5mySAOQ=="
      },
      "Microsoft.Extensions.Caching.Abstractions": {
        "type": "Transitive",
        "resolved": "10.0.8",
        "contentHash": "EoK2TwVR1daxmfXUPnvIYZSk5XQjHe45sGekox4kvMt88KQZQhDVzYW5Na5+oNwTuRpE48hipyGJg12F1Tm70w==",
        "dependencies": {
          "Microsoft.Extensions.Primitives": "10.0.8"
        }
      },
      "Microsoft.Extensions.Caching.Memory": {
        "type": "Transitive",
        "resolved": "10.0.8",
        "contentHash": "sYMYQjNprfqPTryuLNnr0/AOtnhlfuZ0ZxyOV0d3AXOEL8j9KV0EbelpZYyIatT2hJiaSGO9XGr5YDRsh22OfQ==",
        "dependencies": {
          "Microsoft.Extensions.Caching.Abstractions": "10.0.8",
          "Microsoft.Extensions.DependencyInjection.Abstractions": "10.0.8",
          "Microsoft.Extensions.Logging.Abstractions": "10.0.8",
          "Microsoft.Extensions.Options": "10.0.8",
          "Microsoft.Extensions.Primitives": "10.0.8"
        }
      },
      "Microsoft.Extensions.Configuration.Abstractions": {
        "type": "Transitive",
        "resolved": "10.0.11",
        "contentHash": "fVi053xdpda9Em7vSkmgVxO/PtgC2m78ekReKWsgcyskqY0U82Bz/MONwxpGzI0hElYKJfw+fupqMVeKW3fSaA==",
        "dependencies": {
          "Microsoft.Extensions.Primitives": "10.0.11"
        }
      },
      "Microsoft.Extensions.Configuration.Binder": {
        "type": "Transitive",
        "resolved": "10.0.11",
        "contentHash": "rFn8RuszZn3qquPVkDytMUlPc2+rXl9MCoygwc1XmAgC5vg5/oXJ8hkOosOrLoBLsqdTy4lFwP6iQdPS9uSYOA==",
        "dependencies": {
          "Microsoft.Extensions.Configuration": "10.0.11",
          "Microsoft.Extensions.Configuration.Abstractions": "10.0.11"
        }
      },
      "Microsoft.Extensions.Configuration.CommandLine": {
        "type": "Transitive",
        "resolved": "10.0.8",
        "contentHash": "nQXq1a4MiInYh+0VF9fguxAl06q2ftmOyYQ+5e933s4rk57xjgkbTjUdFUySzjrcrvDeWsSqlZB+TE8+TbM2HA==",
        "dependencies": {
          "Microsoft.Extensions.Configuration": "10.0.8",
          "Microsoft.Extensions.Configuration.Abstractions": "10.0.8"
        }
      },
      "Microsoft.Extensions.Configuration.EnvironmentVariables": {
        "type": "Transitive",
        "resolved": "10.0.8",
        "contentHash": "bVGqctAfPGfTxJvNp8pMshtvpsUj6r6JkeiCNVIGVYO5gBxuxdN0Lbr25kEvE/zXdctkEc44g8HssnPgDnFGVA==",
        "dependencies": {
          "Microsoft.Extensions.Configuration": "10.0.8",
          "Microsoft.Extensions.Configuration.Abstractions": "10.0.8"
        }
      },
      "Microsoft.Extensions.Configuration.FileExtensions": {
        "type": "Transitive",
        "resolved": "10.0.8",
        "contentHash": "1g9mzuu8gIHkjYb0jLxOTQVl/QDG5nn0b0JzgT/gbgNKr6gXZzxOHRAsdYRc1eDApB7LdHR8uK5vQrNjIQdRrQ==",
        "dependencies": {
          "Microsoft.Extensions.Configuration": "10.0.8",
          "Microsoft.Extensions.Configuration.Abstractions": "10.0.8",
          "Microsoft.Extensions.FileProviders.Abstractions": "10.0.8",
          "Microsoft.Extensions.FileProviders.Physical": "10.0.8",
          "Microsoft.Extensions.Primitives": "10.0.8"
        }
      },
      "Microsoft.Extensions.Configuration.Json": {
        "type": "Transitive",
        "resolved": "10.0.8",
        "contentHash": "KLtAZ6A38s1pIfCO2ns6aG14NNGMYNZ4PBYfFK4M+R4A+xuSc6oklhqDcpHZxvDpyBWeFtR5C8iQBw2ng8tUHQ==",
        "dependencies": {
          "Microsoft.Extensions.Configuration": "10.0.8",
          "Microsoft.Extensions.Configuration.Abstractions": "10.0.8",
          "Microsoft.Extensions.Configuration.FileExtensions": "10.0.8",
          "Microsoft.Extensions.FileProviders.Abstractions": "10.0.8"
        }
      },
      "Microsoft.Extensions.Configuration.UserSecrets": {
        "type": "Transitive",
        "resolved": "10.0.8",
        "contentHash": "6XTfFOnf27WY8kEeZkTZ4YNn0t+imgvdQ0YaAdR4vgURKATo9bCaVJ1KB71IOJAQtJP7Elb53VHlTNXg2CtSsA==",
        "dependencies": {
          "Microsoft.Extensions.Configuration.Abstractions": "10.0.8",
          "Microsoft.Extensions.Configuration.Json": "10.0.8",
          "Microsoft.Extensions.FileProviders.Abstractions": "10.0.8",
          "Microsoft.Extensions.FileProviders.Physical": "10.0.8"
        }
      },
      "Microsoft.Extensions.DependencyInjection.Abstractions": {
        "type": "Transitive",
        "resolved": "10.0.11",
        "contentHash": "/a1aJz4m7ylhEDf25ugQChLQoN5XwoGjWw/BoR/ZWWKsO1v4DdJElS1uyngahz4B/eOzjFk1KNTkarRLE5wsIg=="
      },
      "Microsoft.Extensions.DependencyModel": {
        "type": "Transitive",
        "resolved": "10.0.0",
        "contentHash": "RFYJR7APio/BiqdQunRq6DB+nDB6nc2qhHr77mlvZ0q0BT8PubMXN7XicmfzCbrDE/dzhBnUKBRXLTcqUiZDGg=="
      },
      "Microsoft.Extensions.Diagnostics": {
        "type": "Transitive",
        "resolved": "10.0.11",
        "contentHash": "HT70uGPxMLqqnOzKMcnQtDmeV4r0KHr4qVCLhP7SXil9jMEm8sQXwcybxVVFGXZJ1V44xV0mLqQ54aZbcR2OiQ==",
        "dependencies": {
          "Microsoft.Extensions.Configuration": "10.0.11",
          "Microsoft.Extensions.Diagnostics.Abstractions": "10.0.11",
          "Microsoft.Extensions.Options.ConfigurationExtensions": "10.0.11"
        }
      },
      "Microsoft.Extensions.Diagnostics.Abstractions": {
        "type": "Transitive",
        "resolved": "10.0.11",
        "contentHash": "se7Kx8QpJEt+nf26L4qIVAofGTDr1wbexxsh/Fm3Xc04xUkqUXK06KUS7FLwSQYSjqb7q9n+T7MEcXYBhI1Y5g==",
        "dependencies": {
          "Microsoft.Extensions.DependencyInjection.Abstractions": "10.0.11",
          "Microsoft.Extensions.Options": "10.0.11"
        }
      },
      "Microsoft.Extensions.FileProviders.Abstractions": {
        "type": "Transitive",
        "resolved": "10.0.9",
        "contentHash": "Oxn4vqDk+EwceTMpZxVm7L/UZEAM1qIQlNP1+7tBZckD+P4SKrm/5X4gMTPCTdpnau/xY8Sb4/0d6onomSg4ZA==",
        "dependencies": {
          "Microsoft.Extensions.Primitives": "10.0.9"
        }
      },
      "Microsoft.Extensions.FileProviders.Physical": {
        "type": "Transitive",
        "resolved": "10.0.8",
        "contentHash": "GkPvQe6IdidLu6Q3Lw6+B8NJpW8feW8czZ5mBKt5rXM/x8MvZfEp5WvAsjznzDGd23chIDrW0b2mmt+ScnEgiw==",
        "dependencies": {
          "Microsoft.Extensions.FileProviders.Abstractions": "10.0.8",
          "Microsoft.Extensions.FileSystemGlobbing": "10.0.8",
          "Microsoft.Extensions.Primitives": "10.0.8"
        }
      },
      "Microsoft.Extensions.FileSystemGlobbing": {
        "type": "Transitive",
        "resolved": "10.0.8",
        "contentHash": "IUQet3SY51xIFcFZKtAB6a54/Zdxs7T3SQ84kJtOD6yeXfZgiOMksACWD5qtTmXGQGFH4QYGBOT0KIO8Uy/dJw=="
      },
      "Microsoft.Extensions.Hosting": {
        "type": "Transitive",
        "resolved": "10.0.8",
        "contentHash": "VfEyM2BipThcSd0GG/FS2ZPCVCTiosVq2zLKEDsfeMIg78sOVZPEmS7CgWlb+dqTlgXvLSL4OG2q6sM4xRhHNg==",
        "dependencies": {
          "Microsoft.Extensions.Configuration": "10.0.8",
          "Microsoft.Extensions.Configuration.Abstractions": "10.0.8",
          "Microsoft.Extensions.Configuration.Binder": "10.0.8",
          "Microsoft.Extensions.Configuration.CommandLine": "10.0.8",
          "Microsoft.Extensions.Configuration.EnvironmentVariables": "10.0.8",
          "Microsoft.Extensions.Configuration.FileExtensions": "10.0.8",
          "Microsoft.Extensions.Configuration.Json": "10.0.8",
          "Microsoft.Extensions.Configuration.UserSecrets": "10.0.8",
          "Microsoft.Extensions.DependencyInjection": "10.0.8",
          "Microsoft.Extensions.DependencyInjection.Abstractions": "10.0.8",
          "Microsoft.Extensions.Diagnostics": "10.0.8",
          "Microsoft.Extensions.FileProviders.Abstractions": "10.0.8",
          "Microsoft.Extensions.FileProviders.Physical": "10.0.8",
          "Microsoft.Extensions.Hosting.Abstractions": "10.0.8",
          "Microsoft.Extensions.Logging": "10.0.8",
          "Microsoft.Extensions.Logging.Abstractions": "10.0.8",
          "Microsoft.Extensions.Logging.Configuration": "10.0.8",
          "Microsoft.Extensions.Logging.Console": "10.0.8",
          "Microsoft.Extensions.Logging.Debug": "10.0.8",
          "Microsoft.Extensions.Logging.EventLog": "10.0.8",
          "Microsoft.Extensions.Logging.EventSource": "10.0.8",
          "Microsoft.Extensions.Options": "10.0.8"
        }
      },
      "Microsoft.Extensions.Hosting.Abstractions": {
        "type": "Transitive",
        "resolved": "10.0.9",
        "contentHash": "Xd/2F+uWblTiUp+ssaDZN2ea4vmnHmW6PXugmqBHumyhqVkyeh6RJ3S2Zo/F+1bXIL/KuGqe2pKv6UiGOc1KeQ==",
        "dependencies": {
          "Microsoft.Extensions.Configuration.Abstractions": "10.0.9",
          "Microsoft.Extensions.DependencyInjection.Abstractions": "10.0.9",
          "Microsoft.Extensions.Diagnostics.Abstractions": "10.0.9",
          "Microsoft.Extensions.FileProviders.Abstractions": "10.0.9",
          "Microsoft.Extensions.Logging.Abstractions": "10.0.9"
        }
      },
      "Microsoft.Extensions.Logging": {
        "type": "Transitive",
        "resolved": "10.0.11",
        "contentHash": "nUOJwgFkSiLHiVGFpU22pIJtuWYewuSYQ3JVuP/gdK8ASMT807Px+TYQiRWs6uSsOmoyFTaVCwKXTasczV6BpA==",
        "dependencies": {
          "Microsoft.Extensions.DependencyInjection": "10.0.11",
          "Microsoft.Extensions.Logging.Abstractions": "10.0.11",
          "Microsoft.Extensions.Options": "10.0.11"
        }
      },
      "Microsoft.Extensions.Logging.Abstractions": {
        "type": "Transitive",
        "resolved": "10.0.11",
        "contentHash": "Ljd0Uxoq5XpScD2Bg0nM/r3mwx7Ao5Uq24eo2ARxbGvqJ7Zht6rt2cJtwVRH4Cv+1ZVMdXz6TB43KbpmsxRrvQ==",
        "dependencies": {
          "Microsoft.Extensions.DependencyInjection.Abstractions": "10.0.11"
        }
      },
      "Microsoft.Extensions.Logging.Configuration": {
        "type": "Transitive",
        "resolved": "10.0.8",
        "contentHash": "rxSLTO7xTbcC3DuEJHNEijBr8g14Jj62zQ+DeFu68bsoTYoU8jLcMhc1735PV21bESXsATlL5LsfaWH71FOWAg==",
        "dependencies": {
          "Microsoft.Extensions.Configuration": "10.0.8",
          "Microsoft.Extensions.Configuration.Abstractions": "10.0.8",
          "Microsoft.Extensions.Configuration.Binder": "10.0.8",
          "Microsoft.Extensions.DependencyInjection.Abstractions": "10.0.8",
          "Microsoft.Extensions.Logging": "10.0.8",
          "Microsoft.Extensions.Logging.Abstractions": "10.0.8",
          "Microsoft.Extensions.Options": "10.0.8",
          "Microsoft.Extensions.Options.ConfigurationExtensions": "10.0.8"
        }
      },
      "Microsoft.Extensions.Logging.Console": {
        "type": "Transitive",
        "resolved": "10.0.8",
        "contentHash": "6cv53sHsPnFS56PJw8X4GbNcjeX1KGyFJRxJWvxOgK63cnqeSB1k1eRwjUdkse0tBhwlH6qc9EOYDlan+CYTuw==",
        "dependencies": {
          "Microsoft.Extensions.DependencyInjection.Abstractions": "10.0.8",
          "Microsoft.Extensions.Logging": "10.0.8",
          "Microsoft.Extensions.Logging.Abstractions": "10.0.8",
          "Microsoft.Extensions.Logging.Configuration": "10.0.8",
          "Microsoft.Extensions.Options": "10.0.8"
        }
      },
      "Microsoft.Extensions.Logging.Debug": {
        "type": "Transitive",
        "resolved": "10.0.8",
        "contentHash": "4HW3M1lGHHDwEYcDZHRNptBQ48LCI2yW+XV4vuxdfQUqafTpVT8j9RqAsez08krZKhIiaArWu8iQq5uRKZ9Ffg==",
        "dependencies": {
          "Microsoft.Extensions.DependencyInjection.Abstractions": "10.0.8",
          "Microsoft.Extensions.Logging": "10.0.8",
          "Microsoft.Extensions.Logging.Abstractions": "10.0.8"
        }
      },
      "Microsoft.Extensions.Logging.EventLog": {
        "type": "Transitive",
        "resolved": "10.0.8",
        "contentHash": "kK/C3SLIoGrcZvddYQw4eMm6YaROiSYBO7YgUR5Hdv5l+GIjBmbvQK5cST2FqjeubiAOPqFEimBT2N/8wVI+3A==",
        "dependencies": {
          "Microsoft.Extensions.DependencyInjection.Abstractions": "10.0.8",
          "Microsoft.Extensions.Logging": "10.0.8",
          "Microsoft.Extensions.Logging.Abstractions": "10.0.8",
          "Microsoft.Extensions.Options": "10.0.8",
          "System.Diagnostics.EventLog": "10.0.8"
        }
      },
      "Microsoft.Extensions.Logging.EventSource": {
        "type": "Transitive",
        "resolved": "10.0.8",
        "contentHash": "HX2M0MgzwQM8jpLe3AYAEMd0YsUfOP5RgGrDuk+Ki9n7HSuMbvLm9TEV3qRI3Pg9aqxc56GfgK/KdMRBhfWwKw==",
        "dependencies": {
          "Microsoft.Extensions.DependencyInjection.Abstractions": "10.0.8",
          "Microsoft.Extensions.Logging": "10.0.8",
          "Microsoft.Extensions.Logging.Abstractions": "10.0.8",
          "Microsoft.Extensions.Options": "10.0.8",
          "Microsoft.Extensions.Primitives": "10.0.8"
        }
      },
      "Microsoft.Extensions.Logging.Log4Net.AspNetCore": {
        "type": "Transitive",
        "resolved": "10.0.0",
        "contentHash": "ASXCV+/IuxGCiXjRnrdL1waRKaCDcxkdL1U2yqteJzGcyXN+qLf6wTLBR12sQIhK36d1um6P55AaWqlXf+X0xg==",
        "dependencies": {
          "Microsoft.Extensions.Configuration": "10.0.0",
          "Microsoft.Extensions.Configuration.Abstractions": "10.0.0",
          "Microsoft.Extensions.Configuration.Binder": "10.0.0",
          "Microsoft.Extensions.Logging": "10.0.0",
          "log4net": "3.3.0"
        }
      },
      "Microsoft.Extensions.Options": {
        "type": "Transitive",
        "resolved": "10.0.11",
        "contentHash": "eY1GAKcTfD2maP27J84X9IovT3yjHJ2dVDzPmDg6/XqYvt3jMzJhtfQCLjG9pVsZGAd+8DQ2QrjaDcs2+VQLGw==",
        "dependencies": {
          "Microsoft.Extensions.DependencyInjection.Abstractions": "10.0.11",
          "Microsoft.Extensions.Primitives": "10.0.11"
        }
      },
      "Microsoft.Extensions.Options.ConfigurationExtensions": {
        "type": "Transitive",
        "resolved": "10.0.11",
        "contentHash": "syEhXQ/sEaSBFaqzlp9gDGHX/nk6gkQkh1sIUpBO1mlBj3Phu1rmb4ML1uCiyPW9N6Kxfxv3y5FGObC+bV01Qw==",
        "dependencies": {
          "Microsoft.Extensions.Configuration.Abstractions": "10.0.11",
          "Microsoft.Extensions.Configuration.Binder": "10.0.11",
          "Microsoft.Extensions.DependencyInjection.Abstractions": "10.0.11",
          "Microsoft.Extensions.Options": "10.0.11",
          "Microsoft.Extensions.Primitives": "10.0.11"
        }
      },
      "Microsoft.Extensions.Primitives": {
        "type": "Transitive",
        "resolved": "10.0.11",
        "contentHash": "SXcz+kF+4Oo9b1+55zntpJFYfwb1jw66ioxptyNOOTDc8g2FHnBFWjZpsWfCvZIhzr0x+4e2trVTs4OKwQfBtw=="
      },
      "Microsoft.Identity.Client": {
        "type": "Transitive",
        "resolved": "4.84.2",
        "contentHash": "Va9FjmABSgj/lcUfHH0pBNQkmS7SNyepz2ERV7Yynp6QgEYpFdSqR6Vzy1WWipN8GS5pBHuXoZbqaDWuARCrHQ==",
        "dependencies": {
          "Microsoft.IdentityModel.Abstractions": "8.14.0"
        }
      },
      "Microsoft.Identity.Client.Extensions.Msal": {
        "type": "Transitive",
        "resolved": "4.84.2",
        "contentHash": "+D98LaU3dOu/Nzs6kgbBJapMvH7iwYcAeC99XwSkpmEadsPv6rozecOl9P6m4A3RfpOuPt9e6J6TwwUUp3+M4w==",
        "dependencies": {
          "Microsoft.Identity.Client": "4.84.2",
          "System.Security.Cryptography.ProtectedData": "4.5.0"
        }
      },
      "Microsoft.IdentityModel.Abstractions": {
        "type": "Transitive",
        "resolved": "8.18.0",
        "contentHash": "8VUcDy66uw1GUC/ytyRJAUgGxydPu2rLtUbUAiniCHd5SMB/01Q28XgqFyxIqb3srz6HWTgSsZdDbkdVJr3LXQ=="
      },
      "Microsoft.IdentityModel.JsonWebTokens": {
        "type": "Transitive",
        "resolved": "8.18.0",
        "contentHash": "ZUMJt3r1zOi67AVSfnh3u9hg9KCq06roOIX5gs7FqsucSZ/VTsI89DI9h2gHyU0xOtj/qVZV2ugWS6JlLMTwHQ==",
        "dependencies": {
          "Microsoft.IdentityModel.Tokens": "8.18.0"
        }
      },
      "Microsoft.IdentityModel.Logging": {
        "type": "Transitive",
        "resolved": "8.18.0",
        "contentHash": "c2l/VEtW1XI/ifcu49xzDwgrZZ0a0aX/TwCPC7mEHFQk/KixDgtSdjB5eDhYyCO38GJiRUjeRTz9aWCy1t55ww==",
        "dependencies": {
          "Microsoft.IdentityModel.Abstractions": "8.18.0"
        }
      },
      "Microsoft.IdentityModel.Tokens": {
        "type": "Transitive",
        "resolved": "8.18.0",
        "contentHash": "c6ksXXFj5oPPsl8pfsui5zv8Gs7uxrGetXCTc1p7k7Nue/C8iBMtAVgtRrH7Esqe596QWD7KS3exKYY1FJG2iw==",
        "dependencies": {
          "Microsoft.Extensions.Logging.Abstractions": "8.0.0",
          "Microsoft.IdentityModel.Logging": "8.18.0"
        }
      },
      "Microsoft.SourceLink.Common": {
        "type": "Transitive",
        "resolved": "8.0.0",
        "contentHash": "dk9JPxTCIevS75HyEQ0E4OVAFhB2N+V9ShCXf8Q6FkUQZDkgLI12y679Nym1YqsiSysuQskT7Z+6nUf3yab6Vw=="
      },
      "Microsoft.Win32.SystemEvents": {
        "type": "Transitive",
        "resolved": "6.0.0",
        "contentHash": "hqTM5628jSsQiv+HGpiq3WKBl2c8v1KZfby2J6Pr7pEPlK9waPdgEO6b8A/+/xn/yZ9ulv8HuqK71ONy2tg67A=="
      },
      "Newtonsoft.Json": {
        "type": "Transitive",
        "resolved": "13.0.4",
        "contentHash": "pdgNNMai3zv51W5aq268sujXUyx7SNdE2bj1wZcWjAQrKMFZV260lbqYop1d2GM67JI1huLRwxo9ZqnfF/lC6A=="
      },
      "OpenTelemetry": {
        "type": "Transitive",
        "resolved": "1.17.0",
        "contentHash": "rMLOTftlMlTm7+MSrvXDHnJRjVkROFNKXHZrYjOsX+LankaFG7QSflx7qRRGjoqZoirohnxmJQ7GEb9occO4Gg==",
        "dependencies": {
          "Microsoft.Extensions.Configuration.EnvironmentVariables": "10.0.0",
          "Microsoft.Extensions.Diagnostics.Abstractions": "10.0.0",
          "Microsoft.Extensions.Logging.Configuration": "10.0.0",
          "OpenTelemetry.Api.ProviderBuilderExtensions": "1.17.0"
        }
      },
      "OpenTelemetry.Api": {
        "type": "Transitive",
        "resolved": "1.17.0",
        "contentHash": "mSBxzomZgHIJu9CyVNqyDu/n2JHEtqVgfcCD1Br0cV5iLYogjZOMqhlVLt99PEp+0KGBNUR3GXgeOdN2GR3F9g=="
      },
      "OpenTelemetry.Api.ProviderBuilderExtensions": {
        "type": "Transitive",
        "resolved": "1.17.0",
        "contentHash": "Xgc3Qf9B9TFMFpx6exTdGqMWuYIT2miNzkdMPutVvT9YuMFaEovXWke1Gb6z8NxYaQbbGF38vYLuSg1JCeui5Q==",
        "dependencies": {
          "Microsoft.Extensions.DependencyInjection.Abstractions": "10.0.0",
          "OpenTelemetry.Api": "1.17.0"
        }
      },
      "OpenTelemetry.Instrumentation.AspNetCore": {
        "type": "Transitive",
        "resolved": "1.15.2",
        "contentHash": "2nPd7r0ug/gd6/CNFL6Rlu+RSQ9WYGSGHAYQ1ssbSqyzKJpqTunfx2I/1O0WB5k+L0cyXbG4XVZpoSoUc3M7wg==",
        "dependencies": {
          "OpenTelemetry.Api.ProviderBuilderExtensions": "[1.15.3, 2.0.0)"
        }
      },
      "OpenTelemetry.PersistentStorage.Abstractions": {
        "type": "Transitive",
        "resolved": "1.0.3",
        "contentHash": "7nSE1uLY0KOHRssg1xQydDZJ/s9zECOzFT/gSDIp1KTxbgd1yziuMTsdBKZ/N1BbpUxfH6Pjq5OMd7lYogwReA=="
      },
      "OpenTelemetry.PersistentStorage.FileSystem": {
        "type": "Transitive",
        "resolved": "1.0.3",
        "contentHash": "3k+yCroJcGBtZIia+0LgzMlBuD0U95BzcWNEGWedusBaRAD8EmkaCPAUwaCtFbb/Mg7HywbIG2zuenANPYFJ0g==",
        "dependencies": {
          "OpenTelemetry.PersistentStorage.Abstractions": "1.0.3"
        }
      },
      "Pastel": {
        "type": "Transitive",
        "resolved": "7.0.1",
        "contentHash": "qLANIt80UgHVjEWtDJBpqunbhfqUVcSrY8SaZcJpfFDq3ZzzQntsNyWyizb9UoNHqvK/wRgENdI163CymyEbmQ=="
      },
      "System.ClientModel": {
        "type": "Transitive",
        "resolved": "1.14.0",
        "contentHash": "yhIJHDW3Hh5kcvhHv3ww1T8qvya06Nlwo/SR/rke4/fHXtyKiqQV/9b/VDhnVI7QUcMnpfvh4pIEFhNsTDLeKQ==",
        "dependencies": {
          "Microsoft.Extensions.Configuration.Abstractions": "10.0.3",
          "Microsoft.Extensions.Hosting.Abstractions": "10.0.3",
          "Microsoft.Extensions.Logging.Abstractions": "10.0.3",
          "System.Memory.Data": "10.0.3"
        }
      },
      "System.ComponentModel.Annotations": {
        "type": "Transitive",
        "resolved": "4.4.0",
        "contentHash": "29K3DQ+IGU7LBaMjTo7SI7T7X/tsMtLvz1p56LJ556Iu0Dw3pKZw5g8yCYCWMRxrOF0Hr0FU0FwW0o42y2sb3A=="
      },
      "System.Configuration.ConfigurationManager": {
        "type": "Transitive",
        "resolved": "6.0.0",
        "contentHash": "7T+m0kDSlIPTHIkPMIu6m6tV6qsMqJpvQWW2jIc2qi7sn40qxFo0q+7mEQAhMPXZHMKnWrnv47ntGlM/ejvw3g==",
        "dependencies": {
          "System.Security.Cryptography.ProtectedData": "6.0.0",
          "System.Security.Permissions": "6.0.0"
        }
      },
      "System.Diagnostics.EventLog": {
        "type": "Transitive",
        "resolved": "10.0.8",
        "contentHash": "+Ro7WgIom+BDNH+YhTuZKL6QJ0ctfOpTyfUG/h3aU5KwXt3OaNf0wYWrTvoBUj+34Dy5V8dN9yCco1hAJQ4txw=="
      },
      "System.Drawing.Common": {
        "type": "Transitive",
        "resolved": "6.0.0",
        "contentHash": "NfuoKUiP2nUWwKZN6twGqXioIe1zVD0RIj2t976A+czLHr2nY454RwwXs6JU9Htc6mwqL6Dn/nEL3dpVf2jOhg==",
        "dependencies": {
          "Microsoft.Win32.SystemEvents": "6.0.0"
        }
      },
      "System.IdentityModel.Tokens.Jwt": {
        "type": "Transitive",
        "resolved": "8.18.0",
        "contentHash": "JxKlBca3/eXeH4koAGjEXOwrBdtwyDXwHXdYT5TQunp64TcVBl4wBCfmlGwhSG017Q/Qrz24leLxV6v2eknnJg==",
        "dependencies": {
          "Microsoft.IdentityModel.JsonWebTokens": "8.18.0",
          "Microsoft.IdentityModel.Tokens": "8.18.0"
        }
      },
      "System.Interactive.Async": {
        "type": "Transitive",
        "resolved": "7.0.1",
        "contentHash": "oL1iox7sAJL8i+muGzVMQjDB0axQgOoT5CkwYdap8cQJMkWDWMRErNqhOcZkn31+aKr/uCfgMEdhUARCU4G7gg=="
      },
      "System.IO.Hashing": {
        "type": "Transitive",
        "resolved": "10.0.3",
        "contentHash": "La6ICwsdTKhVX+LKN+pvFjQRR3LhLwq3uKdi2knjLzRyPYBSydF4cjXidYxIiTcDD6XVYdsBWQEI8ZxiZ/OdIg=="
      },
      "System.Linq.Async": {
        "type": "Transitive",
        "resolved": "7.0.1",
        "contentHash": "gwQtBHVY/WgqWgAYSe4JspXR+f1FvMbVIW4ixsJpGV/Kj8Nun3zp1ajIdvCWfmac8ektJGVLiJ/OR8JU9nZnMg==",
        "dependencies": {
          "System.Interactive.Async": "7.0.1"
        }
      },
      "System.Linq.Async.Queryable": {
        "type": "Transitive",
        "resolved": "7.0.1",
        "contentHash": "kC3gqcz/yvrMUq6twgVtodTW3+vRCcx5NUijERHEPx1Ek+8ppNHb1MybYdHkUr9T2+kL6XMY9cbBRAesRVRG2A==",
        "dependencies": {
          "System.Linq.Async": "7.0.1"
        }
      },
      "System.Memory.Data": {
        "type": "Transitive",
        "resolved": "10.0.9",
        "contentHash": "YweovHiLUoEdbr2Xv8eRqCSkTu1vMms4a6xBHaQiMSFVy32PL+hXv6Vhol2NWOmLHjaVgTyhJ3R52U6JxS6w3Q=="
      },
      "System.Reflection.TypeExtensions": {
        "type": "Transitive",
        "resolved": "4.7.0",
        "contentHash": "VybpaOQQhqE6siHppMktjfGBw1GCwvCqiufqmP8F1nj7fTUNtW35LOEt3UZTEsECfo+ELAl/9o9nJx3U91i7vA=="
      },
      "System.Security.Cryptography.ProtectedData": {
        "type": "Transitive",
        "resolved": "10.0.8",
        "contentHash": "/ldVgSfImIBp6fLWS7sLH0BnmtFj0ZwGlZo4Xx2q0K3ZhJNDbW45kj2f6zPoC+L+BTINuHdMzTsopuwmkbgcNA=="
      },
      "System.Security.Permissions": {
        "type": "Transitive",
        "resolved": "6.0.0",
        "contentHash": "T/uuc7AklkDoxmcJ7LGkyX1CcSviZuLCa4jg3PekfJ7SU0niF0IVTXwUiNVP9DSpzou2PpxJ+eNY2IfDM90ZCg==",
        "dependencies": {
          "System.Windows.Extensions": "6.0.0"
        }
      },
      "System.Windows.Extensions": {
        "type": "Transitive",
        "resolved": "6.0.0",
        "contentHash": "IXoJOXIqc39AIe+CIR7koBtRGMiCt/LPM3lI+PELtDIy9XdyeSrwXFdWV9dzJ2Awl0paLWUaknLxFQ5HpHZUog==",
        "dependencies": {
          "System.Drawing.Common": "6.0.0"
        }
      }
    }
  }
}